// !$*UTF8*$!
{
	archiveVersion = 1;
	classes = {
	};
	objectVersion = 46;
	objects = {

/* Begin PBXBuildFile section */
		02FEE1A51E87DCFE006B1E7E /* AppDelegate.swift in Sources */ = {isa = PBXBuildFile; fileRef = 02FEE1A41E87DCFE006B1E7E /* AppDelegate.swift */; };
		02FEE1A71E87DCFE006B1E7E /* ViewController.swift in Sources */ = {isa = PBXBuildFile; fileRef = 02FEE1A61E87DCFE006B1E7E /* ViewController.swift */; };
		02FEE1AA1E87DCFE006B1E7E /* Main.storyboard in Resources */ = {isa = PBXBuildFile; fileRef = 02FEE1A81E87DCFE006B1E7E /* Main.storyboard */; };
		02FEE1AC1E87DCFE006B1E7E /* Assets.xcassets in Resources */ = {isa = PBXBuildFile; fileRef = 02FEE1AB1E87DCFE006B1E7E /* Assets.xcassets */; };
		02FEE1AF1E87DCFE006B1E7E /* LaunchScreen.storyboard in Resources */ = {isa = PBXBuildFile; fileRef = 02FEE1AD1E87DCFE006B1E7E /* LaunchScreen.storyboard */; };
/* End PBXBuildFile section */

/* Begin PBXFileReference section */
		02FEE1A11E87DCFD006B1E7E /* Landmark Image Book.app */ = {isa = PBXFileReference; explicitFileType = wrapper.application; includeInIndex = 0; path = "Landmark Image Book.app"; sourceTree = BUILT_PRODUCTS_DIR; };
		02FEE1A41E87DCFE006B1E7E /* AppDelegate.swift */ = {isa = PBXFileReference; lastKnownFileType = sourcecode.swift; path = AppDelegate.swift; sourceTree = "<group>"; };
		02FEE1A61E87DCFE006B1E7E /* ViewController.swift */ = {isa = PBXFileReference; lastKnownFileType = sourcecode.swift; path = ViewController.swift; sourceTree = "<group>"; };
		02FEE1A91E87DCFE006B1E7E /* Base */ = {isa = PBXFileReference; lastKnownFileType = file.storyboard; name = Base; path = Base.lproj/Main.storyboard; sourceTree = "<group>"; };
		02FEE1AB1E87DCFE006B1E7E /* Assets.xcassets */ = {isa = PBXFileReference; lastKnownFileType = folder.assetcatalog; path = Assets.xcassets; sourceTree = "<group>"; };
		02FEE1AE1E87DCFE006B1E7E /* Base */ = {isa = PBXFileReference; lastKnownFileType = file.storyboard; name = Base; path = Base.lproj/LaunchScreen.storyboard; sourceTree = "<group>"; };
		02FEE1B01E87DCFE006B1E7E /* Info.plist */ = {isa = PBXFileReference; lastKnownFileType = text.plist.xml; path = Info.plist; sourceTree = "<group>"; };
/* End PBXFileReference section */

/* Begin PBXFrameworksBuildPhase section */
		02FEE19E1E87DCFD006B1E7E /* Frameworks */ = {
			isa = PBXFrameworksBuildPhase;
			buildActionMask = 2147483647;
			files = (
			);
			runOnlyForDeploymentPostprocessing = 0;
		};
/* End PBXFrameworksBuildPhase section */

/* Begin PBXGroup section */
		02FEE1981E87DCFD006B1E7E = {
			isa = PBXGroup;
			children = (
				02FEE1A31E87DCFD006B1E7E /* Landmark Image Book */,
				02FEE1A21E87DCFD006B1E7E /* Products */,
			);
			sourceTree = "<group>";
		};
		02FEE1A21E87DCFD006B1E7E /* Products */ = {
			isa = PBXGroup;
			children = (
				02FEE1A11E87DCFD006B1E7E /* Landmark Image Book.app */,
			);
			name = Products;
			sourceTree = "<group>";
		};
		02FEE1A31E87DCFD006B1E7E /* Landmark Image Book */ = {
			isa = PBXGroup;
			children = (
				02FEE1A41E87DCFE006B1E7E /* AppDelegate.swift */,
				02FEE1A61E87DCFE006B1E7E /* ViewController.swift */,
				02FEE1A81E87DCFE006B1E7E /* Main.storyboard */,
				02FEE1AB1E87DCFE006B1E7E /* Assets.xcassets */,
				02FEE1AD1E87DCFE006B1E7E /* LaunchScreen.storyboard */,
				02FEE1B01E87DCFE006B1E7E /* Info.plist */,
			);
			path = "Landmark Image Book";
			sourceTree = "<group>";
		};
/* End PBXGroup section */

/* Begin PBXNativeTarget section */
		02FEE1A01E87DCFD006B1E7E /* Landmark Image Book */ = {
			isa = PBXNativeTarget;
			buildConfigurationList = 02FEE1B31E87DCFE006B1E7E /* Build configuration list for PBXNativeTarget "Landmark Image Book" */;
			buildPhases = (
				02FEE19D1E87DCFD006B1E7E /* Sources */,
				02FEE19E1E87DCFD006B1E7E /* Frameworks */,
				02FEE19F1E87DCFD006B1E7E /* Resources */,
			);
			buildRules = (
			);
			dependencies = (
			);
			name = "Landmark Image Book";
			productName = "Landmark Image Book";
			productReference = 02FEE1A11E87DCFD006B1E7E /* Landmark Image Book.app */;
			productType = "com.apple.product-type.application";
		};
/* End PBXNativeTarget section */

/* Begin PBXProject section */
		02FEE1991E87DCFD006B1E7E /* Project object */ = {
			isa = PBXProject;
			attributes = {
				LastSwiftUpdateCheck = 0820;
				LastUpgradeCheck = 0820;
				ORGANIZATIONNAME = "Son Nguyen";
				TargetAttributes = {
					02FEE1A01E87DCFD006B1E7E = {
						CreatedOnToolsVersion = 8.2.1;
						ProvisioningStyle = Automatic;
					};
				};
			};
			buildConfigurationList = 02FEE19C1E87DCFD006B1E7E /* Build configuration list for PBXProject "Landmark Image Book" */;
			compatibilityVersion = "Xcode 3.2";
			developmentRegion = English;
			hasScannedForEncodings = 0;
			knownRegions = (
				en,
				Base,
			);
			mainGroup = 02FEE1981E87DCFD006B1E7E;
			productRefGroup = 02FEE1A21E87DCFD006B1E7E /* Products */;
			projectDirPath = "";
			projectRoot = "";
			targets = (
				02FEE1A01E87DCFD006B1E7E /* Landmark Image Book */,
			);
		};
/* End PBXProject section */

/* Begin PBXResourcesBuildPhase section */
		02FEE19F1E87DCFD006B1E7E /* Resources */ = {
			isa = PBXResourcesBuildPhase;
			buildActionMask = 2147483647;
			files = (
				02FEE1AF1E87DCFE006B1E7E /* LaunchScreen.storyboard in Resources */,
				02FEE1AC1E87DCFE006B1E7E /* Assets.xcassets in Resources */,
				02FEE1AA1E87DCFE006B1E7E /* Main.storyboard in Resources */,
			);
			runOnlyForDeploymentPostprocessing = 0;
		};
/* End PBXResourcesBuildPhase section */

/* Begin PBXSourcesBuildPhase section */
		02FEE19D1E87DCFD006B1E7E /* Sources */ = {
			isa = PBXSourcesBuildPhase;
			buildActionMask = 2147483647;
			files = (
				02FEE1A71E87DCFE006B1E7E /* ViewController.swift in Sources */,
				02FEE1A51E87DCFE006B1E7E /* AppDelegate.swift in Sources */,
			);
			runOnlyForDeploymentPostprocessing = 0;
		};
/* End PBXSourcesBuildPhase section */

/* Begin PBXVariantGroup section */
		02FEE1A81E87DCFE006B1E7E /* Main.storyboard */ = {
			isa = PBXVariantGroup;
			children = (
				02FEE1A91E87DCFE006B1E7E /* Base */,
			);
			name = Main.storyboard;
			sourceTree = "<group>";
		};
		02FEE1AD1E87DCFE006B1E7E /* LaunchScreen.storyboard */ = {
			isa = PBXVariantGroup;
			children = (
				02FEE1AE1E87DCFE006B1E7E /* Base */,
			);
			name = LaunchScreen.storyboard;
			sourceTree = "<group>";
		};
/* End PBXVariantGroup section */

/* Begin XCBuildConfiguration section */
		02FEE1B11E87DCFE006B1E7E /* Debug */ = {
			isa = XCBuildConfiguration;
			buildSettings = {
				ALWAYS_SEARCH_USER_PATHS = NO;
				CLANG_ANALYZER_NONNULL = YES;
				CLANG_CXX_LANGUAGE_STANDARD = "gnu++0x";
				CLANG_CXX_LIBRARY = "libc++";
				CLANG_ENABLE_MODULES = YES;
				CLANG_ENABLE_OBJC_ARC = YES;
				CLANG_WARN_BOOL_CONVERSION = YES;
				CLANG_WARN_CONSTANT_CONVERSION = YES;
				CLANG_WARN_DIRECT_OBJC_ISA_USAGE = YES_ERROR;
				CLANG_WARN_DOCUMENTATION_COMMENTS = YES;
				CLANG_WARN_EMPTY_BODY = YES;
				CLANG_WARN_ENUM_CONVERSION = YES;
				CLANG_WARN_INFINITE_RECURSION = YES;
				CLANG_WARN_INT_CONVERSION = YES;
				CLANG_WARN_OBJC_ROOT_CLASS = YES_ERROR;
				CLANG_WARN_SUSPICIOUS_MOVE = YES;
				CLANG_WARN_UNREACHABLE_CODE = YES;
				CLANG_WARN__DUPLICATE_METHOD_MATCH = YES;
				"CODE_SIGN_IDENTITY[sdk=iphoneos*]" = "iPhone Developer";
				COPY_PHASE_STRIP = NO;
				DEBUG_INFORMATION_FORMAT = dwarf;
				ENABLE_STRICT_OBJC_MSGSEND = YES;
				ENABLE_TESTABILITY = YES;
				GCC_C_LANGUAGE_STANDARD = gnu99;
				GCC_DYNAMIC_NO_PIC = NO;
				GCC_NO_COMMON_BLOCKS = YES;
				GCC_OPTIMIZATION_LEVEL = 0;
				GCC_PREPROCESSOR_DEFINITIONS = (
					"DEBUG=1",
					"$(inherited)",
				);
				GCC_WARN_64_TO_32_BIT_CONVERSION = YES;
				GCC_WARN_ABOUT_RETURN_TYPE = YES_ERROR;
				GCC_WARN_UNDECLARED_SELECTOR = YES;
				GCC_WARN_UNINITIALIZED_AUTOS = YES_AGGRESSIVE;
				GCC_WARN_UNUSED_FUNCTION = YES;
				GCC_WARN_UNUSED_VARIABLE = YES;
				IPHONEOS_DEPLOYMENT_TARGET = 10.2;
				MTL_ENABLE_DEBUG_INFO = YES;
				ONLY_ACTIVE_ARCH = YES;
				SDKROOT = iphoneos;
				SWIFT_ACTIVE_COMPILATION_CONDITIONS = DEBUG;
				SWIFT_OPTIMIZATION_LEVEL = "-Onone";
				TARGETED_DEVICE_FAMILY = "1,2";
			};
			name = Debug;
		};
		02FEE1B21E87DCFE006B1E7E /* Release */ = {
			isa = XCBuildConfiguration;
			buildSettings = {
				ALWAYS_SEARCH_USER_PATHS = NO;
				CLANG_ANALYZER_NONNULL = YES;
				CLANG_CXX_LANGUAGE_STANDARD = "gnu++0x";
				CLANG_CXX_LIBRARY = "libc++";
				CLANG_ENABLE_MODULES = YES;
				CLANG_ENABLE_OBJC_ARC = YES;
				CLANG_WARN_BOOL_CONVERSION = YES;
				CLANG_WARN_CONSTANT_CONVERSION = YES;
				CLANG_WARN_DIRECT_OBJC_ISA_USAGE = YES_ERROR;
				CLANG_WARN_DOCUMENTATION_COMMENTS = YES;
				CLANG_WARN_EMPTY_BODY = YES;
				CLANG_WARN_ENUM_CONVERSION = YES;
				CLANG_WARN_INFINITE_RECURSION = YES;
				CLANG_WARN_INT_CONVERSION = YES;
				CLANG_WARN_OBJC_ROOT_CLASS = YES_ERROR;
				CLANG_WARN_SUSPICIOUS_MOVE = YES;
				CLANG_WARN_UNREACHABLE_CODE = YES;
				CLANG_WARN__DUPLICATE_METHOD_MATCH = YES;
				"CODE_SIGN_IDENTITY[sdk=iphoneos*]" = "iPhone Developer";
				COPY_PHASE_STRIP = NO;
				DEBUG_INFORMATION_FORMAT = "dwarf-with-dsym";
				ENABLE_NS_ASSERTIONS = NO;
				ENABLE_STRICT_OBJC_MSGSEND = YES;
				GCC_C_LANGUAGE_STANDARD = gnu99;
				GCC_NO_COMMON_BLOCKS = YES;
				GCC_WARN_64_TO_32_BIT_CONVERSION = YES;
				GCC_WARN_ABOUT_RETURN_TYPE = YES_ERROR;
				GCC_WARN_UNDECLARED_SELECTOR = YES;
				GCC_WARN_UNINITIALIZED_AUTOS = YES_AGGRESSIVE;
				GCC_WARN_UNUSED_FUNCTION = YES;
				GCC_WARN_UNUSED_VARIABLE = YES;
				IPHONEOS_DEPLOYMENT_TARGET = 10.2;
				MTL_ENABLE_DEBUG_INFO = NO;
				SDKROOT = iphoneos;
				SWIFT_OPTIMIZATION_LEVEL = "-Owholemodule";
				TARGETED_DEVICE_FAMILY = "1,2";
				VALIDATE_PRODUCT = YES;
			};
			name = Release;
		};
		02FEE1B41E87DCFE006B1E7E /* Debug */ = {
			isa = XCBuildConfiguration;
			buildSettings = {
				ASSETCATALOG_COMPILER_APPICON_NAME = AppIcon;
				INFOPLIST_FILE = "Landmark Image Book/Info.plist";
				LD_RUNPATH_SEARCH_PATHS = "$(inherited) @executable_path/Frameworks";
				PRODUCT_BUNDLE_IDENTIFIER = "com.son-nguyen.Landmark-Image-Book";
				PRODUCT_NAME = "$(TARGET_NAME)";
				SWIFT_VERSION = 3.0;
			};
			name = Debug;
		};
		02FEE1B51E87DCFE006B1E7E /* Release */ = {
			isa = XCBuildConfiguration;
			buildSettings = {
				ASSETCATALOG_COMPILER_APPICON_NAME = AppIcon;
				INFOPLIST_FILE = "Landmark Image Book/Info.plist";
				LD_RUNPATH_SEARCH_PATHS = "$(inherited) @executable_path/Frameworks";
				PRODUCT_BUNDLE_IDENTIFIER = "com.son-nguyen.Landmark-Image-Book";
				PRODUCT_NAME = "$(TARGET_NAME)";
				SWIFT_VERSION = 3.0;
			};
			name = Release;
		};
/* End XCBuildConfiguration section */

/* Begin XCConfigurationList section */
		02FEE19C1E87DCFD006B1E7E /* Build configuration list for PBXProject "Landmark Image Book" */ = {
			isa = XCConfigurationList;
			buildConfigurations = (
				02FEE1B11E87DCFE006B1E7E /* Debug */,
				02FEE1B21E87DCFE006B1E7E /* Release */,
			);
			defaultConfigurationIsVisible = 0;
			defaultConfigurationName = Release;
		};
		02FEE1B31E87DCFE006B1E7E /* Build configuration list for PBXNativeTarget "Landmark Image Book" */ = {
			isa = XCConfigurationList;
			buildConfigurations = (
				02FEE1B41E87DCFE006B1E7E /* Debug */,
				02FEE1B51E87DCFE006B1E7E /* Release */,
			);
			defaultConfigurationIsVisible = 0;
		};
/* End XCConfigurationList section */
	};
	rootObject = 02FEE1991E87DCFD006B1E7E /* Project object */;
}
